
Microsoft Visual Studio Solution File, Format Version 12.00
# Visual Studio Version 17
VisualStudioVersion = 17.3.32611.2
MinimumVisualStudioVersion = 10.0.40219.1
Project("{FAE04EC0-301F-11D3-BF4B-00C04F79EFBC}") = "Web", "Web\Web.csproj", "{5FBCE3AA-C770-41B2-9796-3A8D20F9F861}"
EndProject
Project("{FAE04EC0-301F-11D3-BF4B-00C04F79EFBC}") = "Domain", "Domain\Domain.csproj", "{DB338AC2-9662-454A-A733-C48B5BFFBA79}"
EndProject
Project("{FAE04EC0-301F-11D3-BF4B-00C04F79EFBC}") = "Application", "Application\Application.csproj", "{A95F20D7-D864-4393-A74C-D397CB2BD43F}"
EndProject
Project("{FAE04EC0-301F-11D3-BF4B-00C04F79EFBC}") = "Infrastructure", "Infrastructure\Infrastructure.csproj", "{61F6A9E2-6F52-4C67-9127-52493BD7CC7F}"
EndProject
Global
	GlobalSection(SolutionConfigurationPlatforms) = preSolution
		Debug|Any CPU = Debug|Any CPU
		Release|Any CPU = Release|Any CPU
	EndGlobalSection
	GlobalSection(ProjectConfigurationPlatforms) = postSolution
		{5FBCE3AA-C770-41B2-9796-3A8D20F9F861}.Debug|Any CPU.ActiveCfg = Debug|Any CPU
		{5FBCE3AA-C770-41B2-9796-3A8D20F9F861}.Debug|Any CPU.Build.0 = Debug|Any CPU
		{5FBCE3AA-C770-41B2-9796-3A8D20F9F861}.Release|Any CPU.ActiveCfg = Release|Any CPU
		{5FBCE3AA-C770-41B2-9796-3A8D20F9F861}.Release|Any CPU.Build.0 = Release|Any CPU
		{DB338AC2-9662-454A-A733-C48B5BFFBA79}.Debug|Any CPU.ActiveCfg = Debug|Any CPU
		{DB338AC2-9662-454A-A733-C48B5BFFBA79}.Debug|Any CPU.Build.0 = Debug|Any CPU
		{DB338AC2-9662-454A-A733-C48B5BFFBA79}.Release|Any CPU.ActiveCfg = Release|Any CPU
		{DB338AC2-9662-454A-A733-C48B5BFFBA79}.Release|Any CPU.Build.0 = Release|Any CPU
		{A95F20D7-D864-4393-A74C-D397CB2BD43F}.Debug|Any CPU.ActiveCfg = Debug|Any CPU
		{A95F20D7-D864-4393-A74C-D397CB2BD43F}.Debug|Any CPU.Build.0 = Debug|Any CPU
		{A95F20D7-D864-4393-A74C-D397CB2BD43F}.Release|Any CPU.ActiveCfg = Release|Any CPU
		{A95F20D7-D864-4393-A74C-D397CB2BD43F}.Release|Any CPU.Build.0 = Release|Any CPU
		{61F6A9E2-6F52-4C67-9127-52493BD7CC7F}.Debug|Any CPU.ActiveCfg = Debug|Any CPU
		{61F6A9E2-6F52-4C67-9127-52493BD7CC7F}.Debug|Any CPU.Build.0 = Debug|Any CPU
		{61F6A9E2-6F52-4C67-9127-52493BD7CC7F}.Release|Any CPU.ActiveCfg = Release|Any CPU
		{61F6A9E2-6F52-4C67-9127-52493BD7CC7F}.Release|Any CPU.Build.0 = Release|Any CPU
	EndGlobalSection
	GlobalSection(SolutionProperties) = preSolution
		HideSolutionNode = FALSE
	EndGlobalSection
	GlobalSection(ExtensibilityGlobals) = postSolution
		SolutionGuid = {669C8E40-59EF-4921-9C0B-556D3ECD7698}
	EndGlobalSection
EndGlobal
